// !$*UTF8*$!
{
	archiveVersion = 1;
	classes = {
	};
	objectVersion = 46;
	objects = {

/* Begin PBXBuildFile section */
		83F0889B15902E0300A471AF /* UIKit.framework in Frameworks */ = {isa = PBXBuildFile; fileRef = 83F0889A15902E0300A471AF /* UIKit.framework */; };
		83F0889D15902E0300A471AF /* Foundation.framework in Frameworks */ = {isa = PBXBuildFile; fileRef = 83F0889C15902E0300A471AF /* Foundation.framework */; };
		83F0889F15902E0300A471AF /* CoreGraphics.framework in Frameworks */ = {isa = PBXBuildFile; fileRef = 83F0889E15902E0300A471AF /* CoreGraphics.framework */; };
		83F088A515902E0300A471AF /* InfoPlist.strings in Resources */ = {isa = PBXBuildFile; fileRef = 83F088A315902E0300A471AF /* InfoPlist.strings */; };
		83F088A715902E0300A471AF /* main.m in Sources */ = {isa = PBXBuildFile; fileRef = 83F088A615902E0300A471AF /* main.m */; };
		83F088AB15902E0300A471AF /* AppDelegate.m in Sources */ = {isa = PBXBuildFile; fileRef = 83F088AA15902E0300A471AF /* AppDelegate.m */; };
		83F088AE15902E0300A471AF /* MainStoryboard.storyboard in Resources */ = {isa = PBXBuildFile; fileRef = 83F088AC15902E0300A471AF /* MainStoryboard.storyboard */; };
		83F088BC15903AE900A471AF /* SignUpTableViewController.m in Sources */ = {isa = PBXBuildFile; fileRef = 83F088BB15903AE900A471AF /* SignUpTableViewController.m */; };
		83F088BF15903B1000A471AF /* LogInTableViewController.m in Sources */ = {isa = PBXBuildFile; fileRef = 83F088BE15903B1000A471AF /* LogInTableViewController.m */; };
/* End PBXBuildFile section */

/* Begin PBXFileReference section */
		83F0889615902E0300A471AF /* wwdc.app */ = {isa = PBXFileReference; explicitFileType = wrapper.application; includeInIndex = 0; path = wwdc.app; sourceTree = BUILT_PRODUCTS_DIR; };
		83F0889A15902E0300A471AF /* UIKit.framework */ = {isa = PBXFileReference; lastKnownFileType = wrapper.framework; name = UIKit.framework; path = System/Library/Frameworks/UIKit.framework; sourceTree = SDKROOT; };
		83F0889C15902E0300A471AF /* Foundation.framework */ = {isa = PBXFileReference; lastKnownFileType = wrapper.framework; name = Foundation.framework; path = System/Library/Frameworks/Foundation.framework; sourceTree = SDKROOT; };
		83F0889E15902E0300A471AF /* CoreGraphics.framework */ = {isa = PBXFileReference; lastKnownFileType = wrapper.framework; name = CoreGraphics.framework; path = System/Library/Frameworks/CoreGraphics.framework; sourceTree = SDKROOT; };
		83F088A215902E0300A471AF /* wwdc-Info.plist */ = {isa = PBXFileReference; lastKnownFileType = text.plist.xml; path = "wwdc-Info.plist"; sourceTree = "<group>"; };
		83F088A415902E0300A471AF /* en */ = {isa = PBXFileReference; lastKnownFileType = text.plist.strings; name = en; path = en.lproj/InfoPlist.strings; sourceTree = "<group>"; };
		83F088A615902E0300A471AF /* main.m */ = {isa = PBXFileReference; lastKnownFileType = sourcecode.c.objc; path = main.m; sourceTree = "<group>"; };
		83F088A815902E0300A471AF /* wwdc-Prefix.pch */ = {isa = PBXFileReference; lastKnownFileType = sourcecode.c.h; path = "wwdc-Prefix.pch"; sourceTree = "<group>"; };
		83F088A915902E0300A471AF /* AppDelegate.h */ = {isa = PBXFileReference; lastKnownFileType = sourcecode.c.h; path = AppDelegate.h; sourceTree = "<group>"; };
		83F088AA15902E0300A471AF /* AppDelegate.m */ = {isa = PBXFileReference; lastKnownFileType = sourcecode.c.objc; path = AppDelegate.m; sourceTree = "<group>"; };
		83F088AD15902E0300A471AF /* en */ = {isa = PBXFileReference; lastKnownFileType = file.storyboard; name = en; path = en.lproj/MainStoryboard.storyboard; sourceTree = "<group>"; };
		83F088BA15903AE900A471AF /* SignUpTableViewController.h */ = {isa = PBXFileReference; fileEncoding = 4; lastKnownFileType = sourcecode.c.h; path = SignUpTableViewController.h; sourceTree = "<group>"; };
		83F088BB15903AE900A471AF /* SignUpTableViewController.m */ = {isa = PBXFileReference; fileEncoding = 4; lastKnownFileType = sourcecode.c.objc; path = SignUpTableViewController.m; sourceTree = "<group>"; };
		83F088BD15903B1000A471AF /* LogInTableViewController.h */ = {isa = PBXFileReference; fileEncoding = 4; lastKnownFileType = sourcecode.c.h; path = LogInTableViewController.h; sourceTree = "<group>"; };
		83F088BE15903B1000A471AF /* LogInTableViewController.m */ = {isa = PBXFileReference; fileEncoding = 4; lastKnownFileType = sourcecode.c.objc; path = LogInTableViewController.m; sourceTree = "<group>"; };
/* End PBXFileReference section */

/* Begin PBXFrameworksBuildPhase section */
		83F0889315902E0300A471AF /* Frameworks */ = {
			isa = PBXFrameworksBuildPhase;
			buildActionMask = 2147483647;
			files = (
				83F0889B15902E0300A471AF /* UIKit.framework in Frameworks */,
				83F0889D15902E0300A471AF /* Foundation.framework in Frameworks */,
				83F0889F15902E0300A471AF /* CoreGraphics.framework in Frameworks */,
			);
			runOnlyForDeploymentPostprocessing = 0;
		};
/* End PBXFrameworksBuildPhase section */

/* Begin PBXGroup section */
		83F0888B15902E0300A471AF = {
			isa = PBXGroup;
			children = (
				83F088A015902E0300A471AF /* wwdc */,
				83F0889915902E0300A471AF /* Frameworks */,
				83F0889715902E0300A471AF /* Products */,
			);
			sourceTree = "<group>";
		};
		83F0889715902E0300A471AF /* Products */ = {
			isa = PBXGroup;
			children = (
				83F0889615902E0300A471AF /* wwdc.app */,
			);
			name = Products;
			sourceTree = "<group>";
		};
		83F0889915902E0300A471AF /* Frameworks */ = {
			isa = PBXGroup;
			children = (
				83F0889A15902E0300A471AF /* UIKit.framework */,
				83F0889C15902E0300A471AF /* Foundation.framework */,
				83F0889E15902E0300A471AF /* CoreGraphics.framework */,
			);
			name = Frameworks;
			sourceTree = "<group>";
		};
		83F088A015902E0300A471AF /* wwdc */ = {
			isa = PBXGroup;
			children = (
				83F088A915902E0300A471AF /* AppDelegate.h */,
				83F088AA15902E0300A471AF /* AppDelegate.m */,
				83F088AC15902E0300A471AF /* MainStoryboard.storyboard */,
				83F088A115902E0300A471AF /* Supporting Files */,
				83F088BA15903AE900A471AF /* SignUpTableViewController.h */,
				83F088BB15903AE900A471AF /* SignUpTableViewController.m */,
				83F088BD15903B1000A471AF /* LogInTableViewController.h */,
				83F088BE15903B1000A471AF /* LogInTableViewController.m */,
			);
			path = wwdc;
			sourceTree = "<group>";
		};
		83F088A115902E0300A471AF /* Supporting Files */ = {
			isa = PBXGroup;
			children = (
				83F088A215902E0300A471AF /* wwdc-Info.plist */,
				83F088A315902E0300A471AF /* InfoPlist.strings */,
				83F088A615902E0300A471AF /* main.m */,
				83F088A815902E0300A471AF /* wwdc-Prefix.pch */,
			);
			name = "Supporting Files";
			sourceTree = "<group>";
		};
/* End PBXGroup section */

/* Begin PBXNativeTarget section */
		83F0889515902E0300A471AF /* wwdc */ = {
			isa = PBXNativeTarget;
			buildConfigurationList = 83F088B415902E0300A471AF /* Build configuration list for PBXNativeTarget "wwdc" */;
			buildPhases = (
				83F0889215902E0300A471AF /* Sources */,
				83F0889315902E0300A471AF /* Frameworks */,
				83F0889415902E0300A471AF /* Resources */,
			);
			buildRules = (
			);
			dependencies = (
			);
			name = wwdc;
			productName = wwdc;
			productReference = 83F0889615902E0300A471AF /* wwdc.app */;
			productType = "com.apple.product-type.application";
		};
/* End PBXNativeTarget section */

/* Begin PBXProject section */
		83F0888D15902E0300A471AF /* Project object */ = {
			isa = PBXProject;
			attributes = {
				LastUpgradeCheck = 0430;
			};
			buildConfigurationList = 83F0889015902E0300A471AF /* Build configuration list for PBXProject "wwdc" */;
			compatibilityVersion = "Xcode 3.2";
			developmentRegion = English;
			hasScannedForEncodings = 0;
			knownRegions = (
				en,
			);
			mainGroup = 83F0888B15902E0300A471AF;
			productRefGroup = 83F0889715902E0300A471AF /* Products */;
			projectDirPath = "";
			projectRoot = "";
			targets = (
				83F0889515902E0300A471AF /* wwdc */,
			);
		};
/* End PBXProject section */

/* Begin PBXResourcesBuildPhase section */
		83F0889415902E0300A471AF /* Resources */ = {
			isa = PBXResourcesBuildPhase;
			buildActionMask = 2147483647;
			files = (
				83F088A515902E0300A471AF /* InfoPlist.strings in Resources */,
				83F088AE15902E0300A471AF /* MainStoryboard.storyboard in Resources */,
			);
			runOnlyForDeploymentPostprocessing = 0;
		};
/* End PBXResourcesBuildPhase section */

/* Begin PBXSourcesBuildPhase section */
		83F0889215902E0300A471AF /* Sources */ = {
			isa = PBXSourcesBuildPhase;
			buildActionMask = 2147483647;
			files = (
				83F088A715902E0300A471AF /* main.m in Sources */,
				83F088AB15902E0300A471AF /* AppDelegate.m in Sources */,
				83F088BC15903AE900A471AF /* SignUpTableViewController.m in Sources */,
				83F088BF15903B1000A471AF /* LogInTableViewController.m in Sources */,
			);
			runOnlyForDeploymentPostprocessing = 0;
		};
/* End PBXSourcesBuildPhase section */

/* Begin PBXVariantGroup section */
		83F088A315902E0300A471AF /* InfoPlist.strings */ = {
			isa = PBXVariantGroup;
			children = (
				83F088A415902E0300A471AF /* en */,
			);
			name = InfoPlist.strings;
			sourceTree = "<group>";
		};
		83F088AC15902E0300A471AF /* MainStoryboard.storyboard */ = {
			isa = PBXVariantGroup;
			children = (
				83F088AD15902E0300A471AF /* en */,
			);
			name = MainStoryboard.storyboard;
			sourceTree = "<group>";
		};
/* End PBXVariantGroup section */

/* Begin XCBuildConfiguration section */
		83F088B215902E0300A471AF /* Debug */ = {
			isa = XCBuildConfiguration;
			buildSettings = {
				ALWAYS_SEARCH_USER_PATHS = NO;
				ARCHS = "$(ARCHS_STANDARD_32_BIT)";
				CLANG_ENABLE_OBJC_ARC = YES;
				"CODE_SIGN_IDENTITY[sdk=iphoneos*]" = "iPhone Developer";
				COPY_PHASE_STRIP = NO;
				GCC_C_LANGUAGE_STANDARD = gnu99;
				GCC_DYNAMIC_NO_PIC = NO;
				GCC_OPTIMIZATION_LEVEL = 0;
				GCC_PREPROCESSOR_DEFINITIONS = (
					"DEBUG=1",
					"$(inherited)",
				);
				GCC_SYMBOLS_PRIVATE_EXTERN = NO;
				GCC_VERSION = com.apple.compilers.llvm.clang.1_0;
				GCC_WARN_ABOUT_RETURN_TYPE = YES;
				GCC_WARN_UNINITIALIZED_AUTOS = YES;
				GCC_WARN_UNUSED_VARIABLE = YES;
				IPHONEOS_DEPLOYMENT_TARGET = 5.1;
				SDKROOT = iphoneos;
			};
			name = Debug;
		};
		83F088B315902E0300A471AF /* Release */ = {
			isa = XCBuildConfiguration;
			buildSettings = {
				ALWAYS_SEARCH_USER_PATHS = NO;
				ARCHS = "$(ARCHS_STANDARD_32_BIT)";
				CLANG_ENABLE_OBJC_ARC = YES;
				"CODE_SIGN_IDENTITY[sdk=iphoneos*]" = "iPhone Developer";
				COPY_PHASE_STRIP = YES;
				GCC_C_LANGUAGE_STANDARD = gnu99;
				GCC_VERSION = com.apple.compilers.llvm.clang.1_0;
				GCC_WARN_ABOUT_RETURN_TYPE = YES;
				GCC_WARN_UNINITIALIZED_AUTOS = YES;
				GCC_WARN_UNUSED_VARIABLE = YES;
				IPHONEOS_DEPLOYMENT_TARGET = 5.1;
				OTHER_CFLAGS = "-DNS_BLOCK_ASSERTIONS=1";
				SDKROOT = iphoneos;
				VALIDATE_PRODUCT = YES;
			};
			name = Release;
		};
		83F088B515902E0300A471AF /* Debug */ = {
			isa = XCBuildConfiguration;
			buildSettings = {
				GCC_PRECOMPILE_PREFIX_HEADER = YES;
				GCC_PREFIX_HEADER = "wwdc/wwdc-Prefix.pch";
				INFOPLIST_FILE = "wwdc/wwdc-Info.plist";
				PRODUCT_NAME = "$(TARGET_NAME)";
				WRAPPER_EXTENSION = app;
			};
			name = Debug;
		};
		83F088B615902E0300A471AF /* Release */ = {
			isa = XCBuildConfiguration;
			buildSettings = {
				GCC_PRECOMPILE_PREFIX_HEADER = YES;
				GCC_PREFIX_HEADER = "wwdc/wwdc-Prefix.pch";
				INFOPLIST_FILE = "wwdc/wwdc-Info.plist";
				PRODUCT_NAME = "$(TARGET_NAME)";
				WRAPPER_EXTENSION = app;
			};
			name = Release;
		};
/* End XCBuildConfiguration section */

/* Begin XCConfigurationList section */
		83F0889015902E0300A471AF /* Build configuration list for PBXProject "wwdc" */ = {
			isa = XCConfigurationList;
			buildConfigurations = (
				83F088B215902E0300A471AF /* Debug */,
				83F088B315902E0300A471AF /* Release */,
			);
			defaultConfigurationIsVisible = 0;
			defaultConfigurationName = Release;
		};
		83F088B415902E0300A471AF /* Build configuration list for PBXNativeTarget "wwdc" */ = {
			isa = XCConfigurationList;
			buildConfigurations = (
				83F088B515902E0300A471AF /* Debug */,
				83F088B615902E0300A471AF /* Release */,
			);
			defaultConfigurationIsVisible = 0;
		};
/* End XCConfigurationList section */
	};
	rootObject = 83F0888D15902E0300A471AF /* Project object */;
}
