// !$*UTF8*$!
{
	archiveVersion = 1;
	classes = {
	};
	objectVersion = 46;
	objects = {

/* Begin PBXBuildFile section */
		83F0889B15902E0300A471AF /* UIKit.framework in Frameworks */ = {isa = PBXBuildFile; fileRef = 83F0889A15902E0300A471AF /* UIKit.framework */; };
		83F0889D15902E0300A471AF /* Foundation.framework in Frameworks */ = {isa = PBXBuildFile; fileRef = 83F0889C15902E0300A471AF /* Foundation.framework */; };
		83F0889F15902E0300A471AF /* CoreGraphics.framework in Frameworks */ = {isa = PBXBuildFile; fileRef = 83F0889E15902E0300A471AF /* CoreGraphics.framework */; };
		83F088A515902E0300A471AF /* InfoPlist.strings in Resources */ = {isa = PBXBuildFile; fileRef = 83F088A315902E0300A471AF /* InfoPlist.strings */; };
		83F088A715902E0300A471AF /* main.m in Sources */ = {isa = PBXBuildFile; fileRef = 83F088A615902E0300A471AF /* main.m */; };
		83F088AB15902E0300A471AF /* AppDelegate.m in Sources */ = {isa = PBXBuildFile; fileRef = 83F088AA15902E0300A471AF /* AppDelegate.m */; };
		83F088AE15902E0300A471AF /* MainStoryboard.storyboard in Resources */ = {isa = PBXBuildFile; fileRef = 83F088AC15902E0300A471AF /* MainStoryboard.storyboard */; };
		83F088C215904C0000A471AF /* AuthenticationTableViewController.m in Sources */ = {isa = PBXBuildFile; fileRef = 83F088C115904C0000A471AF /* AuthenticationTableViewController.m */; };
		83F088C515904DC500A471AF /* SignUpAuthenticationTableViewController.m in Sources */ = {isa = PBXBuildFile; fileRef = 83F088C415904DC500A471AF /* SignUpAuthenticationTableViewController.m */; };
		83F088C815904DD600A471AF /* LogInAuthenticationTableViewController.m in Sources */ = {isa = PBXBuildFile; fileRef = 83F088C715904DD600A471AF /* LogInAuthenticationTableViewController.m */; };
		83F088E81590576900A471AF /* TicketStatusTableViewController.m in Sources */ = {isa = PBXBuildFile; fileRef = 83F088E71590576900A471AF /* TicketStatusTableViewController.m */; };
		83F0891F15905B1A00A471AF /* AFHTTPClient.m in Sources */ = {isa = PBXBuildFile; fileRef = 83F0890B15905B1A00A471AF /* AFHTTPClient.m */; settings = {COMPILER_FLAGS = "-fno-objc-arc"; }; };
		83F0892015905B1A00A471AF /* AFHTTPRequestOperation.m in Sources */ = {isa = PBXBuildFile; fileRef = 83F0890D15905B1A00A471AF /* AFHTTPRequestOperation.m */; settings = {COMPILER_FLAGS = "-fno-objc-arc"; }; };
		83F0892115905B1A00A471AF /* AFImageRequestOperation.m in Sources */ = {isa = PBXBuildFile; fileRef = 83F0890F15905B1A00A471AF /* AFImageRequestOperation.m */; settings = {COMPILER_FLAGS = "-fno-objc-arc"; }; };
		83F0892215905B1A00A471AF /* AFJSONRequestOperation.m in Sources */ = {isa = PBXBuildFile; fileRef = 83F0891115905B1A00A471AF /* AFJSONRequestOperation.m */; settings = {COMPILER_FLAGS = "-fno-objc-arc"; }; };
		83F0892315905B1A00A471AF /* AFJSONUtilities.m in Sources */ = {isa = PBXBuildFile; fileRef = 83F0891315905B1A00A471AF /* AFJSONUtilities.m */; settings = {COMPILER_FLAGS = "-fno-objc-arc"; }; };
		83F0892415905B1A00A471AF /* AFNetworkActivityIndicatorManager.m in Sources */ = {isa = PBXBuildFile; fileRef = 83F0891515905B1A00A471AF /* AFNetworkActivityIndicatorManager.m */; settings = {COMPILER_FLAGS = "-fno-objc-arc"; }; };
		83F0892515905B1A00A471AF /* AFPropertyListRequestOperation.m in Sources */ = {isa = PBXBuildFile; fileRef = 83F0891815905B1A00A471AF /* AFPropertyListRequestOperation.m */; settings = {COMPILER_FLAGS = "-fno-objc-arc"; }; };
		83F0892615905B1A00A471AF /* AFURLConnectionOperation.m in Sources */ = {isa = PBXBuildFile; fileRef = 83F0891A15905B1A00A471AF /* AFURLConnectionOperation.m */; settings = {COMPILER_FLAGS = "-fno-objc-arc"; }; };
		83F0892715905B1A00A471AF /* AFXMLRequestOperation.m in Sources */ = {isa = PBXBuildFile; fileRef = 83F0891C15905B1A00A471AF /* AFXMLRequestOperation.m */; settings = {COMPILER_FLAGS = "-fno-objc-arc"; }; };
		83F0892815905B1A00A471AF /* UIImageView+AFNetworking.m in Sources */ = {isa = PBXBuildFile; fileRef = 83F0891E15905B1A00A471AF /* UIImageView+AFNetworking.m */; settings = {COMPILER_FLAGS = "-fno-objc-arc"; }; };
/* End PBXBuildFile section */

/* Begin PBXFileReference section */
		83F0889615902E0300A471AF /* wwdc.app */ = {isa = PBXFileReference; explicitFileType = wrapper.application; includeInIndex = 0; path = wwdc.app; sourceTree = BUILT_PRODUCTS_DIR; };
		83F0889A15902E0300A471AF /* UIKit.framework */ = {isa = PBXFileReference; lastKnownFileType = wrapper.framework; name = UIKit.framework; path = System/Library/Frameworks/UIKit.framework; sourceTree = SDKROOT; };
		83F0889C15902E0300A471AF /* Foundation.framework */ = {isa = PBXFileReference; lastKnownFileType = wrapper.framework; name = Foundation.framework; path = System/Library/Frameworks/Foundation.framework; sourceTree = SDKROOT; };
		83F0889E15902E0300A471AF /* CoreGraphics.framework */ = {isa = PBXFileReference; lastKnownFileType = wrapper.framework; name = CoreGraphics.framework; path = System/Library/Frameworks/CoreGraphics.framework; sourceTree = SDKROOT; };
		83F088A215902E0300A471AF /* wwdc-Info.plist */ = {isa = PBXFileReference; lastKnownFileType = text.plist.xml; path = "wwdc-Info.plist"; sourceTree = "<group>"; };
		83F088A415902E0300A471AF /* en */ = {isa = PBXFileReference; lastKnownFileType = text.plist.strings; name = en; path = en.lproj/InfoPlist.strings; sourceTree = "<group>"; };
		83F088A615902E0300A471AF /* main.m */ = {isa = PBXFileReference; lastKnownFileType = sourcecode.c.objc; path = main.m; sourceTree = "<group>"; };
		83F088A815902E0300A471AF /* wwdc-Prefix.pch */ = {isa = PBXFileReference; lastKnownFileType = sourcecode.c.h; path = "wwdc-Prefix.pch"; sourceTree = "<group>"; };
		83F088A915902E0300A471AF /* AppDelegate.h */ = {isa = PBXFileReference; lastKnownFileType = sourcecode.c.h; path = AppDelegate.h; sourceTree = "<group>"; };
		83F088AA15902E0300A471AF /* AppDelegate.m */ = {isa = PBXFileReference; lastKnownFileType = sourcecode.c.objc; path = AppDelegate.m; sourceTree = "<group>"; };
		83F088AD15902E0300A471AF /* en */ = {isa = PBXFileReference; lastKnownFileType = file.storyboard; name = en; path = en.lproj/MainStoryboard.storyboard; sourceTree = "<group>"; };
		83F088C015904C0000A471AF /* AuthenticationTableViewController.h */ = {isa = PBXFileReference; fileEncoding = 4; lastKnownFileType = sourcecode.c.h; path = AuthenticationTableViewController.h; sourceTree = "<group>"; };
		83F088C115904C0000A471AF /* AuthenticationTableViewController.m */ = {isa = PBXFileReference; fileEncoding = 4; lastKnownFileType = sourcecode.c.objc; path = AuthenticationTableViewController.m; sourceTree = "<group>"; };
		83F088C315904DC500A471AF /* SignUpAuthenticationTableViewController.h */ = {isa = PBXFileReference; fileEncoding = 4; lastKnownFileType = sourcecode.c.h; path = SignUpAuthenticationTableViewController.h; sourceTree = "<group>"; };
		83F088C415904DC500A471AF /* SignUpAuthenticationTableViewController.m */ = {isa = PBXFileReference; fileEncoding = 4; lastKnownFileType = sourcecode.c.objc; path = SignUpAuthenticationTableViewController.m; sourceTree = "<group>"; };
		83F088C615904DD600A471AF /* LogInAuthenticationTableViewController.h */ = {isa = PBXFileReference; fileEncoding = 4; lastKnownFileType = sourcecode.c.h; path = LogInAuthenticationTableViewController.h; sourceTree = "<group>"; };
		83F088C715904DD600A471AF /* LogInAuthenticationTableViewController.m */ = {isa = PBXFileReference; fileEncoding = 4; lastKnownFileType = sourcecode.c.objc; path = LogInAuthenticationTableViewController.m; sourceTree = "<group>"; };
		83F088E61590576900A471AF /* TicketStatusTableViewController.h */ = {isa = PBXFileReference; fileEncoding = 4; lastKnownFileType = sourcecode.c.h; path = TicketStatusTableViewController.h; sourceTree = "<group>"; };
		83F088E71590576900A471AF /* TicketStatusTableViewController.m */ = {isa = PBXFileReference; fileEncoding = 4; lastKnownFileType = sourcecode.c.objc; path = TicketStatusTableViewController.m; sourceTree = "<group>"; };
		83F0890A15905B1A00A471AF /* AFHTTPClient.h */ = {isa = PBXFileReference; fileEncoding = 4; lastKnownFileType = sourcecode.c.h; path = AFHTTPClient.h; sourceTree = "<group>"; };
		83F0890B15905B1A00A471AF /* AFHTTPClient.m */ = {isa = PBXFileReference; fileEncoding = 4; lastKnownFileType = sourcecode.c.objc; path = AFHTTPClient.m; sourceTree = "<group>"; };
		83F0890C15905B1A00A471AF /* AFHTTPRequestOperation.h */ = {isa = PBXFileReference; fileEncoding = 4; lastKnownFileType = sourcecode.c.h; path = AFHTTPRequestOperation.h; sourceTree = "<group>"; };
		83F0890D15905B1A00A471AF /* AFHTTPRequestOperation.m */ = {isa = PBXFileReference; fileEncoding = 4; lastKnownFileType = sourcecode.c.objc; path = AFHTTPRequestOperation.m; sourceTree = "<group>"; };
		83F0890E15905B1A00A471AF /* AFImageRequestOperation.h */ = {isa = PBXFileReference; fileEncoding = 4; lastKnownFileType = sourcecode.c.h; path = AFImageRequestOperation.h; sourceTree = "<group>"; };
		83F0890F15905B1A00A471AF /* AFImageRequestOperation.m */ = {isa = PBXFileReference; fileEncoding = 4; lastKnownFileType = sourcecode.c.objc; path = AFImageRequestOperation.m; sourceTree = "<group>"; };
		83F0891015905B1A00A471AF /* AFJSONRequestOperation.h */ = {isa = PBXFileReference; fileEncoding = 4; lastKnownFileType = sourcecode.c.h; path = AFJSONRequestOperation.h; sourceTree = "<group>"; };
		83F0891115905B1A00A471AF /* AFJSONRequestOperation.m */ = {isa = PBXFileReference; fileEncoding = 4; lastKnownFileType = sourcecode.c.objc; path = AFJSONRequestOperation.m; sourceTree = "<group>"; };
		83F0891215905B1A00A471AF /* AFJSONUtilities.h */ = {isa = PBXFileReference; fileEncoding = 4; lastKnownFileType = sourcecode.c.h; path = AFJSONUtilities.h; sourceTree = "<group>"; };
		83F0891315905B1A00A471AF /* AFJSONUtilities.m */ = {isa = PBXFileReference; fileEncoding = 4; lastKnownFileType = sourcecode.c.objc; path = AFJSONUtilities.m; sourceTree = "<group>"; };
		83F0891415905B1A00A471AF /* AFNetworkActivityIndicatorManager.h */ = {isa = PBXFileReference; fileEncoding = 4; lastKnownFileType = sourcecode.c.h; path = AFNetworkActivityIndicatorManager.h; sourceTree = "<group>"; };
		83F0891515905B1A00A471AF /* AFNetworkActivityIndicatorManager.m */ = {isa = PBXFileReference; fileEncoding = 4; lastKnownFileType = sourcecode.c.objc; path = AFNetworkActivityIndicatorManager.m; sourceTree = "<group>"; };
		83F0891615905B1A00A471AF /* AFNetworking.h */ = {isa = PBXFileReference; fileEncoding = 4; lastKnownFileType = sourcecode.c.h; path = AFNetworking.h; sourceTree = "<group>"; };
		83F0891715905B1A00A471AF /* AFPropertyListRequestOperation.h */ = {isa = PBXFileReference; fileEncoding = 4; lastKnownFileType = sourcecode.c.h; path = AFPropertyListRequestOperation.h; sourceTree = "<group>"; };
		83F0891815905B1A00A471AF /* AFPropertyListRequestOperation.m */ = {isa = PBXFileReference; fileEncoding = 4; lastKnownFileType = sourcecode.c.objc; path = AFPropertyListRequestOperation.m; sourceTree = "<group>"; };
		83F0891915905B1A00A471AF /* AFURLConnectionOperation.h */ = {isa = PBXFileReference; fileEncoding = 4; lastKnownFileType = sourcecode.c.h; path = AFURLConnectionOperation.h; sourceTree = "<group>"; };
		83F0891A15905B1A00A471AF /* AFURLConnectionOperation.m */ = {isa = PBXFileReference; fileEncoding = 4; lastKnownFileType = sourcecode.c.objc; path = AFURLConnectionOperation.m; sourceTree = "<group>"; };
		83F0891B15905B1A00A471AF /* AFXMLRequestOperation.h */ = {isa = PBXFileReference; fileEncoding = 4; lastKnownFileType = sourcecode.c.h; path = AFXMLRequestOperation.h; sourceTree = "<group>"; };
		83F0891C15905B1A00A471AF /* AFXMLRequestOperation.m */ = {isa = PBXFileReference; fileEncoding = 4; lastKnownFileType = sourcecode.c.objc; path = AFXMLRequestOperation.m; sourceTree = "<group>"; };
		83F0891D15905B1A00A471AF /* UIImageView+AFNetworking.h */ = {isa = PBXFileReference; fileEncoding = 4; lastKnownFileType = sourcecode.c.h; path = "UIImageView+AFNetworking.h"; sourceTree = "<group>"; };
		83F0891E15905B1A00A471AF /* UIImageView+AFNetworking.m */ = {isa = PBXFileReference; fileEncoding = 4; lastKnownFileType = sourcecode.c.objc; path = "UIImageView+AFNetworking.m"; sourceTree = "<group>"; };
/* End PBXFileReference section */

/* Begin PBXFrameworksBuildPhase section */
		83F0889315902E0300A471AF /* Frameworks */ = {
			isa = PBXFrameworksBuildPhase;
			buildActionMask = 2147483647;
			files = (
				83F0889B15902E0300A471AF /* UIKit.framework in Frameworks */,
				83F0889D15902E0300A471AF /* Foundation.framework in Frameworks */,
				83F0889F15902E0300A471AF /* CoreGraphics.framework in Frameworks */,
			);
			runOnlyForDeploymentPostprocessing = 0;
		};
/* End PBXFrameworksBuildPhase section */

/* Begin PBXGroup section */
		83F0888B15902E0300A471AF = {
			isa = PBXGroup;
			children = (
				83F0890915905B1A00A471AF /* AFNetworking */,
				83F088A015902E0300A471AF /* wwdc */,
				83F0889915902E0300A471AF /* Frameworks */,
				83F0889715902E0300A471AF /* Products */,
			);
			sourceTree = "<group>";
		};
		83F0889715902E0300A471AF /* Products */ = {
			isa = PBXGroup;
			children = (
				83F0889615902E0300A471AF /* wwdc.app */,
			);
			name = Products;
			sourceTree = "<group>";
		};
		83F0889915902E0300A471AF /* Frameworks */ = {
			isa = PBXGroup;
			children = (
				83F0889A15902E0300A471AF /* UIKit.framework */,
				83F0889C15902E0300A471AF /* Foundation.framework */,
				83F0889E15902E0300A471AF /* CoreGraphics.framework */,
			);
			name = Frameworks;
			sourceTree = "<group>";
		};
		83F088A015902E0300A471AF /* wwdc */ = {
			isa = PBXGroup;
			children = (
				83F088A915902E0300A471AF /* AppDelegate.h */,
				83F088AA15902E0300A471AF /* AppDelegate.m */,
				83F088AC15902E0300A471AF /* MainStoryboard.storyboard */,
				83F088A115902E0300A471AF /* Supporting Files */,
				83F088C015904C0000A471AF /* AuthenticationTableViewController.h */,
				83F088C115904C0000A471AF /* AuthenticationTableViewController.m */,
				83F088C315904DC500A471AF /* SignUpAuthenticationTableViewController.h */,
				83F088C415904DC500A471AF /* SignUpAuthenticationTableViewController.m */,
				83F088C615904DD600A471AF /* LogInAuthenticationTableViewController.h */,
				83F088C715904DD600A471AF /* LogInAuthenticationTableViewController.m */,
				83F088E61590576900A471AF /* TicketStatusTableViewController.h */,
				83F088E71590576900A471AF /* TicketStatusTableViewController.m */,
			);
			path = wwdc;
			sourceTree = "<group>";
		};
		83F088A115902E0300A471AF /* Supporting Files */ = {
			isa = PBXGroup;
			children = (
				83F088A215902E0300A471AF /* wwdc-Info.plist */,
				83F088A315902E0300A471AF /* InfoPlist.strings */,
				83F088A615902E0300A471AF /* main.m */,
				83F088A815902E0300A471AF /* wwdc-Prefix.pch */,
			);
			name = "Supporting Files";
			sourceTree = "<group>";
		};
		83F0890915905B1A00A471AF /* AFNetworking */ = {
			isa = PBXGroup;
			children = (
				83F0890A15905B1A00A471AF /* AFHTTPClient.h */,
				83F0890B15905B1A00A471AF /* AFHTTPClient.m */,
				83F0890C15905B1A00A471AF /* AFHTTPRequestOperation.h */,
				83F0890D15905B1A00A471AF /* AFHTTPRequestOperation.m */,
				83F0890E15905B1A00A471AF /* AFImageRequestOperation.h */,
				83F0890F15905B1A00A471AF /* AFImageRequestOperation.m */,
				83F0891015905B1A00A471AF /* AFJSONRequestOperation.h */,
				83F0891115905B1A00A471AF /* AFJSONRequestOperation.m */,
				83F0891215905B1A00A471AF /* AFJSONUtilities.h */,
				83F0891315905B1A00A471AF /* AFJSONUtilities.m */,
				83F0891415905B1A00A471AF /* AFNetworkActivityIndicatorManager.h */,
				83F0891515905B1A00A471AF /* AFNetworkActivityIndicatorManager.m */,
				83F0891615905B1A00A471AF /* AFNetworking.h */,
				83F0891715905B1A00A471AF /* AFPropertyListRequestOperation.h */,
				83F0891815905B1A00A471AF /* AFPropertyListRequestOperation.m */,
				83F0891915905B1A00A471AF /* AFURLConnectionOperation.h */,
				83F0891A15905B1A00A471AF /* AFURLConnectionOperation.m */,
				83F0891B15905B1A00A471AF /* AFXMLRequestOperation.h */,
				83F0891C15905B1A00A471AF /* AFXMLRequestOperation.m */,
				83F0891D15905B1A00A471AF /* UIImageView+AFNetworking.h */,
				83F0891E15905B1A00A471AF /* UIImageView+AFNetworking.m */,
			);
			name = AFNetworking;
			path = wwdc/AFNetworking;
			sourceTree = "<group>";
		};
/* End PBXGroup section */

/* Begin PBXNativeTarget section */
		83F0889515902E0300A471AF /* wwdc */ = {
			isa = PBXNativeTarget;
			buildConfigurationList = 83F088B415902E0300A471AF /* Build configuration list for PBXNativeTarget "wwdc" */;
			buildPhases = (
				83F0889215902E0300A471AF /* Sources */,
				83F0889315902E0300A471AF /* Frameworks */,
				83F0889415902E0300A471AF /* Resources */,
			);
			buildRules = (
			);
			dependencies = (
			);
			name = wwdc;
			productName = wwdc;
			productReference = 83F0889615902E0300A471AF /* wwdc.app */;
			productType = "com.apple.product-type.application";
		};
/* End PBXNativeTarget section */

/* Begin PBXProject section */
		83F0888D15902E0300A471AF /* Project object */ = {
			isa = PBXProject;
			attributes = {
				LastUpgradeCheck = 0430;
			};
			buildConfigurationList = 83F0889015902E0300A471AF /* Build configuration list for PBXProject "wwdc" */;
			compatibilityVersion = "Xcode 3.2";
			developmentRegion = English;
			hasScannedForEncodings = 0;
			knownRegions = (
				en,
			);
			mainGroup = 83F0888B15902E0300A471AF;
			productRefGroup = 83F0889715902E0300A471AF /* Products */;
			projectDirPath = "";
			projectRoot = "";
			targets = (
				83F0889515902E0300A471AF /* wwdc */,
			);
		};
/* End PBXProject section */

/* Begin PBXResourcesBuildPhase section */
		83F0889415902E0300A471AF /* Resources */ = {
			isa = PBXResourcesBuildPhase;
			buildActionMask = 2147483647;
			files = (
				83F088A515902E0300A471AF /* InfoPlist.strings in Resources */,
				83F088AE15902E0300A471AF /* MainStoryboard.storyboard in Resources */,
			);
			runOnlyForDeploymentPostprocessing = 0;
		};
/* End PBXResourcesBuildPhase section */

/* Begin PBXSourcesBuildPhase section */
		83F0889215902E0300A471AF /* Sources */ = {
			isa = PBXSourcesBuildPhase;
			buildActionMask = 2147483647;
			files = (
				83F088A715902E0300A471AF /* main.m in Sources */,
				83F088AB15902E0300A471AF /* AppDelegate.m in Sources */,
				83F088C215904C0000A471AF /* AuthenticationTableViewController.m in Sources */,
				83F088C515904DC500A471AF /* SignUpAuthenticationTableViewController.m in Sources */,
				83F088C815904DD600A471AF /* LogInAuthenticationTableViewController.m in Sources */,
				83F088E81590576900A471AF /* TicketStatusTableViewController.m in Sources */,
				83F0891F15905B1A00A471AF /* AFHTTPClient.m in Sources */,
				83F0892015905B1A00A471AF /* AFHTTPRequestOperation.m in Sources */,
				83F0892115905B1A00A471AF /* AFImageRequestOperation.m in Sources */,
				83F0892215905B1A00A471AF /* AFJSONRequestOperation.m in Sources */,
				83F0892315905B1A00A471AF /* AFJSONUtilities.m in Sources */,
				83F0892415905B1A00A471AF /* AFNetworkActivityIndicatorManager.m in Sources */,
				83F0892515905B1A00A471AF /* AFPropertyListRequestOperation.m in Sources */,
				83F0892615905B1A00A471AF /* AFURLConnectionOperation.m in Sources */,
				83F0892715905B1A00A471AF /* AFXMLRequestOperation.m in Sources */,
				83F0892815905B1A00A471AF /* UIImageView+AFNetworking.m in Sources */,
			);
			runOnlyForDeploymentPostprocessing = 0;
		};
/* End PBXSourcesBuildPhase section */

/* Begin PBXVariantGroup section */
		83F088A315902E0300A471AF /* InfoPlist.strings */ = {
			isa = PBXVariantGroup;
			children = (
				83F088A415902E0300A471AF /* en */,
			);
			name = InfoPlist.strings;
			sourceTree = "<group>";
		};
		83F088AC15902E0300A471AF /* MainStoryboard.storyboard */ = {
			isa = PBXVariantGroup;
			children = (
				83F088AD15902E0300A471AF /* en */,
			);
			name = MainStoryboard.storyboard;
			sourceTree = "<group>";
		};
/* End PBXVariantGroup section */

/* Begin XCBuildConfiguration section */
		83F088B215902E0300A471AF /* Debug */ = {
			isa = XCBuildConfiguration;
			buildSettings = {
				ALWAYS_SEARCH_USER_PATHS = NO;
				ARCHS = "$(ARCHS_STANDARD_32_BIT)";
				CLANG_ENABLE_OBJC_ARC = YES;
				"CODE_SIGN_IDENTITY[sdk=iphoneos*]" = "iPhone Developer";
				COPY_PHASE_STRIP = NO;
				GCC_C_LANGUAGE_STANDARD = gnu99;
				GCC_DYNAMIC_NO_PIC = NO;
				GCC_OPTIMIZATION_LEVEL = 0;
				GCC_PREPROCESSOR_DEFINITIONS = (
					"DEBUG=1",
					"$(inherited)",
				);
				GCC_SYMBOLS_PRIVATE_EXTERN = NO;
				GCC_VERSION = com.apple.compilers.llvm.clang.1_0;
				GCC_WARN_ABOUT_RETURN_TYPE = YES;
				GCC_WARN_UNINITIALIZED_AUTOS = YES;
				GCC_WARN_UNUSED_VARIABLE = YES;
				IPHONEOS_DEPLOYMENT_TARGET = 5.1;
				SDKROOT = iphoneos;
			};
			name = Debug;
		};
		83F088B315902E0300A471AF /* Release */ = {
			isa = XCBuildConfiguration;
			buildSettings = {
				ALWAYS_SEARCH_USER_PATHS = NO;
				ARCHS = "$(ARCHS_STANDARD_32_BIT)";
				CLANG_ENABLE_OBJC_ARC = YES;
				"CODE_SIGN_IDENTITY[sdk=iphoneos*]" = "iPhone Developer";
				COPY_PHASE_STRIP = YES;
				GCC_C_LANGUAGE_STANDARD = gnu99;
				GCC_VERSION = com.apple.compilers.llvm.clang.1_0;
				GCC_WARN_ABOUT_RETURN_TYPE = YES;
				GCC_WARN_UNINITIALIZED_AUTOS = YES;
				GCC_WARN_UNUSED_VARIABLE = YES;
				IPHONEOS_DEPLOYMENT_TARGET = 5.1;
				OTHER_CFLAGS = "-DNS_BLOCK_ASSERTIONS=1";
				SDKROOT = iphoneos;
				VALIDATE_PRODUCT = YES;
			};
			name = Release;
		};
		83F088B515902E0300A471AF /* Debug */ = {
			isa = XCBuildConfiguration;
			buildSettings = {
				CODE_SIGN_IDENTITY = "iPhone Developer: Chris Lowe (D2J85X6ZH4)";
				"CODE_SIGN_IDENTITY[sdk=iphoneos*]" = "iPhone Developer: Chris Lowe (D2J85X6ZH4)";
				GCC_PRECOMPILE_PREFIX_HEADER = YES;
				GCC_PREFIX_HEADER = "wwdc/wwdc-Prefix.pch";
				INFOPLIST_FILE = "wwdc/wwdc-Info.plist";
				PRODUCT_NAME = "$(TARGET_NAME)";
				PROVISIONING_PROFILE = "7CD9A025-7EB6-4A85-8AD3-48829FD579F0";
				"PROVISIONING_PROFILE[sdk=iphoneos*]" = "7CD9A025-7EB6-4A85-8AD3-48829FD579F0";
				WRAPPER_EXTENSION = app;
			};
			name = Debug;
		};
		83F088B615902E0300A471AF /* Release */ = {
			isa = XCBuildConfiguration;
			buildSettings = {
				CODE_SIGN_IDENTITY = "iPhone Developer: Chris Lowe (D2J85X6ZH4)";
				GCC_PRECOMPILE_PREFIX_HEADER = YES;
				GCC_PREFIX_HEADER = "wwdc/wwdc-Prefix.pch";
				INFOPLIST_FILE = "wwdc/wwdc-Info.plist";
				PRODUCT_NAME = "$(TARGET_NAME)";
				PROVISIONING_PROFILE = "7CD9A025-7EB6-4A85-8AD3-48829FD579F0";
				WRAPPER_EXTENSION = app;
			};
			name = Release;
		};
/* End XCBuildConfiguration section */

/* Begin XCConfigurationList section */
		83F0889015902E0300A471AF /* Build configuration list for PBXProject "wwdc" */ = {
			isa = XCConfigurationList;
			buildConfigurations = (
				83F088B215902E0300A471AF /* Debug */,
				83F088B315902E0300A471AF /* Release */,
			);
			defaultConfigurationIsVisible = 0;
			defaultConfigurationName = Release;
		};
		83F088B415902E0300A471AF /* Build configuration list for PBXNativeTarget "wwdc" */ = {
			isa = XCConfigurationList;
			buildConfigurations = (
				83F088B515902E0300A471AF /* Debug */,
				83F088B615902E0300A471AF /* Release */,
			);
			defaultConfigurationIsVisible = 0;
		};
/* End XCConfigurationList section */
	};
	rootObject = 83F0888D15902E0300A471AF /* Project object */;
}
